
Microsoft Visual Studio Solution File, Format Version 12.00
# Visual Studio Version 16
VisualStudioVersion = 16.0.31624.102
MinimumVisualStudioVersion = 10.0.40219.1
Project("{FAE04EC0-301F-11D3-BF4B-00C04F79EFBC}") = "DatalogiAssignment1", "DatalogiAssignment1\DatalogiAssignment1.csproj", "{81B9B013-487D-4DCC-A839-1828FEAA3E5D}"
EndProject
Global
	GlobalSection(SolutionConfigurationPlatforms) = preSolution
		Debug|Any CPU = Debug|Any CPU
		Release|Any CPU = Release|Any CPU
	EndGlobalSection
	GlobalSection(ProjectConfigurationPlatforms) = postSolution
		{81B9B013-487D-4DCC-A839-1828FEAA3E5D}.Debug|Any CPU.ActiveCfg = Debug|Any CPU
		{81B9B013-487D-4DCC-A839-1828FEAA3E5D}.Debug|Any CPU.Build.0 = Debug|Any CPU
		{81B9B013-487D-4DCC-A839-1828FEAA3E5D}.Release|Any CPU.ActiveCfg = Release|Any CPU
		{81B9B013-487D-4DCC-A839-1828FEAA3E5D}.Release|Any CPU.Build.0 = Release|Any CPU
	EndGlobalSection
	GlobalSection(SolutionProperties) = preSolution
		HideSolutionNode = FALSE
	EndGlobalSection
	GlobalSection(ExtensibilityGlobals) = postSolution
		SolutionGuid = {3DB513DC-AEF7-41F0-8421-81C1143AD2E1}
	EndGlobalSection
EndGlobal
